
Microsoft Visual Studio Solution File, Format Version 12.00
# Visual Studio Version 16
VisualStudioVersion = 16.0.30517.126
MinimumVisualStudioVersion = 10.0.40219.1
Project("{FAE04EC0-301F-11D3-BF4B-00C04F79EFBC}") = "OOPPart1", "OOPPart1\OOPPart1.csproj", "{CB5378F7-C8EB-406A-AD91-97291488A481}"
EndProject
Project("{FAE04EC0-301F-11D3-BF4B-00C04F79EFBC}") = "OOPCat", "OOPCat\OOPCat.csproj", "{3CF5409E-C145-4E49-841A-CFC9A3817A37}"
EndProject
Global
	GlobalSection(SolutionConfigurationPlatforms) = preSolution
		Debug|Any CPU = Debug|Any CPU
		Release|Any CPU = Release|Any CPU
	EndGlobalSection
	GlobalSection(ProjectConfigurationPlatforms) = postSolution
		{CB5378F7-C8EB-406A-AD91-97291488A481}.Debug|Any CPU.ActiveCfg = Debug|Any CPU
		{CB5378F7-C8EB-406A-AD91-97291488A481}.Debug|Any CPU.Build.0 = Debug|Any CPU
		{CB5378F7-C8EB-406A-AD91-97291488A481}.Release|Any CPU.ActiveCfg = Release|Any CPU
		{CB5378F7-C8EB-406A-AD91-97291488A481}.Release|Any CPU.Build.0 = Release|Any CPU
		{3CF5409E-C145-4E49-841A-CFC9A3817A37}.Debug|Any CPU.ActiveCfg = Debug|Any CPU
		{3CF5409E-C145-4E49-841A-CFC9A3817A37}.Debug|Any CPU.Build.0 = Debug|Any CPU
		{3CF5409E-C145-4E49-841A-CFC9A3817A37}.Release|Any CPU.ActiveCfg = Release|Any CPU
		{3CF5409E-C145-4E49-841A-CFC9A3817A37}.Release|Any CPU.Build.0 = Release|Any CPU
	EndGlobalSection
	GlobalSection(SolutionProperties) = preSolution
		HideSolutionNode = FALSE
	EndGlobalSection
	GlobalSection(ExtensibilityGlobals) = postSolution
		SolutionGuid = {E443CD2A-5175-425F-9E3C-E5FC97910F38}
	EndGlobalSection
EndGlobal
